
Microsoft Visual Studio Solution File, Format Version 12.00
# Visual Studio Version 17
VisualStudioVersion = 17.0.31903.59
MinimumVisualStudioVersion = 10.0.40219.1
Project("{9A19103F-16F7-4668-BE54-9A1E7A4F7556}") = "TicTacToe.CMD", "TicTacToe.CMD\TicTacToe.CMD.csproj", "{EF85C292-77BC-4276-92C6-86D0D7CCB235}"
EndProject
Project("{FAE04EC0-301F-11D3-BF4B-00C04F79EFBC}") = "TicTacToe.Server", "TicTacToe.Server\TicTacToe.Server.csproj", "{D4C50553-5BE9-4E9E-B284-A3EE9063D421}"
EndProject
Project("{FAE04EC0-301F-11D3-BF4B-00C04F79EFBC}") = "TicTacToe.Client", "TicTacToe.Client\TicTacToe.Client.csproj", "{444FE63D-E530-4B9E-8884-23E8C9381BC6}"
EndProject
Global
	GlobalSection(SolutionConfigurationPlatforms) = preSolution
		Debug|Any CPU = Debug|Any CPU
		Release|Any CPU = Release|Any CPU
	EndGlobalSection
	GlobalSection(ProjectConfigurationPlatforms) = postSolution
		{EF85C292-77BC-4276-92C6-86D0D7CCB235}.Debug|Any CPU.ActiveCfg = Debug|Any CPU
		{EF85C292-77BC-4276-92C6-86D0D7CCB235}.Debug|Any CPU.Build.0 = Debug|Any CPU
		{EF85C292-77BC-4276-92C6-86D0D7CCB235}.Release|Any CPU.ActiveCfg = Release|Any CPU
		{EF85C292-77BC-4276-92C6-86D0D7CCB235}.Release|Any CPU.Build.0 = Release|Any CPU
		{D4C50553-5BE9-4E9E-B284-A3EE9063D421}.Debug|Any CPU.ActiveCfg = Debug|Any CPU
		{D4C50553-5BE9-4E9E-B284-A3EE9063D421}.Debug|Any CPU.Build.0 = Debug|Any CPU
		{D4C50553-5BE9-4E9E-B284-A3EE9063D421}.Release|Any CPU.ActiveCfg = Release|Any CPU
		{D4C50553-5BE9-4E9E-B284-A3EE9063D421}.Release|Any CPU.Build.0 = Release|Any CPU
		{444FE63D-E530-4B9E-8884-23E8C9381BC6}.Debug|Any CPU.ActiveCfg = Debug|Any CPU
		{444FE63D-E530-4B9E-8884-23E8C9381BC6}.Debug|Any CPU.Build.0 = Debug|Any CPU
		{444FE63D-E530-4B9E-8884-23E8C9381BC6}.Release|Any CPU.ActiveCfg = Release|Any CPU
		{444FE63D-E530-4B9E-8884-23E8C9381BC6}.Release|Any CPU.Build.0 = Release|Any CPU
	EndGlobalSection
	GlobalSection(SolutionProperties) = preSolution
		HideSolutionNode = FALSE
	EndGlobalSection
	GlobalSection(ExtensibilityGlobals) = postSolution
		SolutionGuid = {D644C6AF-F7C5-4726-9D04-2E4CF5207C0F}
	EndGlobalSection
EndGlobal
